
Microsoft Visual Studio Solution File, Format Version 12.00
# Visual Studio Version 16
VisualStudioVersion = 16.0.30621.155
MinimumVisualStudioVersion = 10.0.40219.1
Project("{8BC9CEB8-8B4A-11D0-8D11-00A0C91BC942}") = "Birthday", "Birthday\Birthday.vcxproj", "{0352C1C0-0EE4-4E09-8A9D-9B8A338B8D5C}"
EndProject
Project("{8BC9CEB8-8B4A-11D0-8D11-00A0C91BC942}") = "SecondBiggestNumber", "SecondBiggestNumber\SecondBiggestNumber.vcxproj", "{581FAEC9-AC4B-4BA0-B3EB-A448CBE18155}"
EndProject
Project("{8BC9CEB8-8B4A-11D0-8D11-00A0C91BC942}") = "CountDigitsAfterDecimalPoint", "CountDigitsAfterDecimalPoint\CountDigitsAfterDecimalPoint.vcxproj", "{64A0BF86-4BDB-410A-B172-F8B2400F628C}"
EndProject
Project("{8BC9CEB8-8B4A-11D0-8D11-00A0C91BC942}") = "Palindrome", "Palindrome\Palindrome.vcxproj", "{7E8830A4-EEEB-48B2-B0D6-F51AADFED364}"
EndProject
Project("{8BC9CEB8-8B4A-11D0-8D11-00A0C91BC942}") = "NumberDivision", "NumberDivision\NumberDivision.vcxproj", "{2D0D7FC3-27F8-494F-BFA2-A273EE3C4D30}"
EndProject
Global
	GlobalSection(SolutionConfigurationPlatforms) = preSolution
		Debug|x64 = Debug|x64
		Debug|x86 = Debug|x86
		Release|x64 = Release|x64
		Release|x86 = Release|x86
	EndGlobalSection
	GlobalSection(ProjectConfigurationPlatforms) = postSolution
		{0352C1C0-0EE4-4E09-8A9D-9B8A338B8D5C}.Debug|x64.ActiveCfg = Debug|x64
		{0352C1C0-0EE4-4E09-8A9D-9B8A338B8D5C}.Debug|x64.Build.0 = Debug|x64
		{0352C1C0-0EE4-4E09-8A9D-9B8A338B8D5C}.Debug|x86.ActiveCfg = Debug|Win32
		{0352C1C0-0EE4-4E09-8A9D-9B8A338B8D5C}.Debug|x86.Build.0 = Debug|Win32
		{0352C1C0-0EE4-4E09-8A9D-9B8A338B8D5C}.Release|x64.ActiveCfg = Release|x64
		{0352C1C0-0EE4-4E09-8A9D-9B8A338B8D5C}.Release|x64.Build.0 = Release|x64
		{0352C1C0-0EE4-4E09-8A9D-9B8A338B8D5C}.Release|x86.ActiveCfg = Release|Win32
		{0352C1C0-0EE4-4E09-8A9D-9B8A338B8D5C}.Release|x86.Build.0 = Release|Win32
		{581FAEC9-AC4B-4BA0-B3EB-A448CBE18155}.Debug|x64.ActiveCfg = Debug|x64
		{581FAEC9-AC4B-4BA0-B3EB-A448CBE18155}.Debug|x64.Build.0 = Debug|x64
		{581FAEC9-AC4B-4BA0-B3EB-A448CBE18155}.Debug|x86.ActiveCfg = Debug|Win32
		{581FAEC9-AC4B-4BA0-B3EB-A448CBE18155}.Debug|x86.Build.0 = Debug|Win32
		{581FAEC9-AC4B-4BA0-B3EB-A448CBE18155}.Release|x64.ActiveCfg = Release|x64
		{581FAEC9-AC4B-4BA0-B3EB-A448CBE18155}.Release|x64.Build.0 = Release|x64
		{581FAEC9-AC4B-4BA0-B3EB-A448CBE18155}.Release|x86.ActiveCfg = Release|Win32
		{581FAEC9-AC4B-4BA0-B3EB-A448CBE18155}.Release|x86.Build.0 = Release|Win32
		{64A0BF86-4BDB-410A-B172-F8B2400F628C}.Debug|x64.ActiveCfg = Debug|x64
		{64A0BF86-4BDB-410A-B172-F8B2400F628C}.Debug|x64.Build.0 = Debug|x64
		{64A0BF86-4BDB-410A-B172-F8B2400F628C}.Debug|x86.ActiveCfg = Debug|Win32
		{64A0BF86-4BDB-410A-B172-F8B2400F628C}.Debug|x86.Build.0 = Debug|Win32
		{64A0BF86-4BDB-410A-B172-F8B2400F628C}.Release|x64.ActiveCfg = Release|x64
		{64A0BF86-4BDB-410A-B172-F8B2400F628C}.Release|x64.Build.0 = Release|x64
		{64A0BF86-4BDB-410A-B172-F8B2400F628C}.Release|x86.ActiveCfg = Release|Win32
		{64A0BF86-4BDB-410A-B172-F8B2400F628C}.Release|x86.Build.0 = Release|Win32
		{7E8830A4-EEEB-48B2-B0D6-F51AADFED364}.Debug|x64.ActiveCfg = Debug|x64
		{7E8830A4-EEEB-48B2-B0D6-F51AADFED364}.Debug|x64.Build.0 = Debug|x64
		{7E8830A4-EEEB-48B2-B0D6-F51AADFED364}.Debug|x86.ActiveCfg = Debug|Win32
		{7E8830A4-EEEB-48B2-B0D6-F51AADFED364}.Debug|x86.Build.0 = Debug|Win32
		{7E8830A4-EEEB-48B2-B0D6-F51AADFED364}.Release|x64.ActiveCfg = Release|x64
		{7E8830A4-EEEB-48B2-B0D6-F51AADFED364}.Release|x64.Build.0 = Release|x64
		{7E8830A4-EEEB-48B2-B0D6-F51AADFED364}.Release|x86.ActiveCfg = Release|Win32
		{7E8830A4-EEEB-48B2-B0D6-F51AADFED364}.Release|x86.Build.0 = Release|Win32
		{2D0D7FC3-27F8-494F-BFA2-A273EE3C4D30}.Debug|x64.ActiveCfg = Debug|x64
		{2D0D7FC3-27F8-494F-BFA2-A273EE3C4D30}.Debug|x64.Build.0 = Debug|x64
		{2D0D7FC3-27F8-494F-BFA2-A273EE3C4D30}.Debug|x86.ActiveCfg = Debug|Win32
		{2D0D7FC3-27F8-494F-BFA2-A273EE3C4D30}.Debug|x86.Build.0 = Debug|Win32
		{2D0D7FC3-27F8-494F-BFA2-A273EE3C4D30}.Release|x64.ActiveCfg = Release|x64
		{2D0D7FC3-27F8-494F-BFA2-A273EE3C4D30}.Release|x64.Build.0 = Release|x64
		{2D0D7FC3-27F8-494F-BFA2-A273EE3C4D30}.Release|x86.ActiveCfg = Release|Win32
		{2D0D7FC3-27F8-494F-BFA2-A273EE3C4D30}.Release|x86.Build.0 = Release|Win32
	EndGlobalSection
	GlobalSection(SolutionProperties) = preSolution
		HideSolutionNode = FALSE
	EndGlobalSection
	GlobalSection(ExtensibilityGlobals) = postSolution
		SolutionGuid = {91F6477A-88B9-434F-8D4B-8911B9C66D57}
	EndGlobalSection
EndGlobal
